
Microsoft Visual Studio Solution File, Format Version 12.00
# Visual Studio 14
VisualStudioVersion = 14.0.25123.0
MinimumVisualStudioVersion = 10.0.40219.1
Project("{8BC9CEB8-8B4A-11D0-8D11-00A0C91BC942}") = "HTTPURL", "HTTPURL\HTTPURL.vcxproj", "{79B99236-EC94-4A9D-9D54-5CEF99535C40}"
EndProject
Project("{8BC9CEB8-8B4A-11D0-8D11-00A0C91BC942}") = "HTTPURLTests", "HTTPURLTests\HTTPURLTests.vcxproj", "{DF0186F0-FDA6-4601-98E6-CB2E967605AF}"
EndProject
Global
	GlobalSection(SolutionConfigurationPlatforms) = preSolution
		Debug|x64 = Debug|x64
		Debug|x86 = Debug|x86
		Release|x64 = Release|x64
		Release|x86 = Release|x86
	EndGlobalSection
	GlobalSection(ProjectConfigurationPlatforms) = postSolution
		{79B99236-EC94-4A9D-9D54-5CEF99535C40}.Debug|x64.ActiveCfg = Debug|x64
		{79B99236-EC94-4A9D-9D54-5CEF99535C40}.Debug|x64.Build.0 = Debug|x64
		{79B99236-EC94-4A9D-9D54-5CEF99535C40}.Debug|x86.ActiveCfg = Debug|Win32
		{79B99236-EC94-4A9D-9D54-5CEF99535C40}.Debug|x86.Build.0 = Debug|Win32
		{79B99236-EC94-4A9D-9D54-5CEF99535C40}.Release|x64.ActiveCfg = Release|x64
		{79B99236-EC94-4A9D-9D54-5CEF99535C40}.Release|x64.Build.0 = Release|x64
		{79B99236-EC94-4A9D-9D54-5CEF99535C40}.Release|x86.ActiveCfg = Release|Win32
		{79B99236-EC94-4A9D-9D54-5CEF99535C40}.Release|x86.Build.0 = Release|Win32
		{DF0186F0-FDA6-4601-98E6-CB2E967605AF}.Debug|x64.ActiveCfg = Debug|x64
		{DF0186F0-FDA6-4601-98E6-CB2E967605AF}.Debug|x64.Build.0 = Debug|x64
		{DF0186F0-FDA6-4601-98E6-CB2E967605AF}.Debug|x86.ActiveCfg = Debug|Win32
		{DF0186F0-FDA6-4601-98E6-CB2E967605AF}.Debug|x86.Build.0 = Debug|Win32
		{DF0186F0-FDA6-4601-98E6-CB2E967605AF}.Release|x64.ActiveCfg = Release|x64
		{DF0186F0-FDA6-4601-98E6-CB2E967605AF}.Release|x64.Build.0 = Release|x64
		{DF0186F0-FDA6-4601-98E6-CB2E967605AF}.Release|x86.ActiveCfg = Release|Win32
		{DF0186F0-FDA6-4601-98E6-CB2E967605AF}.Release|x86.Build.0 = Release|Win32
	EndGlobalSection
	GlobalSection(SolutionProperties) = preSolution
		HideSolutionNode = FALSE
	EndGlobalSection
EndGlobal
